
Microsoft Visual Studio Solution File, Format Version 12.00
# Visual Studio 15
VisualStudioVersion = 15.0.27130.2036
MinimumVisualStudioVersion = 10.0.40219.1
Project("{FAE04EC0-301F-11D3-BF4B-00C04F79EFBC}") = "TORE", "WindowsFormsApp1\TORE.csproj", "{0DD9D712-F9E5-45B1-A8B4-3859503FB075}"
EndProject
Global
	GlobalSection(SolutionConfigurationPlatforms) = preSolution
		Debug|Any CPU = Debug|Any CPU
		Release|Any CPU = Release|Any CPU
	EndGlobalSection
	GlobalSection(ProjectConfigurationPlatforms) = postSolution
		{0DD9D712-F9E5-45B1-A8B4-3859503FB075}.Debug|Any CPU.ActiveCfg = Debug|Any CPU
		{0DD9D712-F9E5-45B1-A8B4-3859503FB075}.Debug|Any CPU.Build.0 = Debug|Any CPU
		{0DD9D712-F9E5-45B1-A8B4-3859503FB075}.Release|Any CPU.ActiveCfg = Release|Any CPU
		{0DD9D712-F9E5-45B1-A8B4-3859503FB075}.Release|Any CPU.Build.0 = Release|Any CPU
	EndGlobalSection
	GlobalSection(SolutionProperties) = preSolution
		HideSolutionNode = FALSE
	EndGlobalSection
	GlobalSection(ExtensibilityGlobals) = postSolution
		SolutionGuid = {4B605837-837F-4A97-B665-38F9EF0FC92C}
	EndGlobalSection
EndGlobal
